{
  "version": 4,
  "terraform_version": "1.1.7",
  "serial": 24,
  "lineage": "8ff4006a-a646-8fd9-ccdf-9ce9c16f6b05",
  "outputs": {},
  "resources": [
    {
      "mode": "data",
      "type": "template_file",
      "name": "user_data",
      "provider": "provider[\"registry.terraform.io/hashicorp/template\"]",
      "instances": [
        {
          "schema_version": 0,
          "attributes": {
            "filename": null,
            "id": "86c9de5ea7fc377f7bed0a1b526a331817624df6d4b21178ad4b2b431c3a42d7",
            "rendered": "#!/bin/bash\n\n# Update with latest packages\nyum update -y\n\n# Install Apache\nyum install -y httpd mysql php php-mysql php-mysqlnd php-pdo telnet tree git\n\n# Enable Apache service to start after reboot\nsudo systemctl enable httpd\n\n# Config connect to DB\ncat \u003c\u003cEOT \u003e\u003e /var/www/config.php\n\u003c?php\ndefine('DB_SERVER', 'rds-db-notifier.c98copjo64dl.us-east-1.rds.amazonaws.com');\ndefine('DB_USERNAME', 'admin');\ndefine('DB_PASSWORD', 'adminpwd');\ndefine('DB_DATABASE', 'notifier');\n?\u003e\nEOT\n\n# Install application\ncd /tmp\ngit clone https://github.com/kledsonhugo/notifier\ncp /tmp/notifier/public/index.php /var/www/html/\n\n# Start Apache service\nservice httpd restart\n\n",
            "template": "#!/bin/bash\n\n# Update with latest packages\nyum update -y\n\n# Install Apache\nyum install -y httpd mysql php php-mysql php-mysqlnd php-pdo telnet tree git\n\n# Enable Apache service to start after reboot\nsudo systemctl enable httpd\n\n# Config connect to DB\ncat \u003c\u003cEOT \u003e\u003e /var/www/config.php\n\u003c?php\ndefine('DB_SERVER', 'rds-db-notifier.c98copjo64dl.us-east-1.rds.amazonaws.com');\ndefine('DB_USERNAME', 'admin');\ndefine('DB_PASSWORD', 'adminpwd');\ndefine('DB_DATABASE', 'notifier');\n?\u003e\nEOT\n\n# Install application\ncd /tmp\ngit clone https://github.com/kledsonhugo/notifier\ncp /tmp/notifier/public/index.php /var/www/html/\n\n# Start Apache service\nservice httpd restart\n\n",
            "vars": null
          },
          "sensitive_attributes": []
        }
      ]
    },
    {
      "mode": "managed",
      "type": "aws_autoscaling_group",
      "name": "asg_ws",
      "provider": "provider[\"registry.terraform.io/hashicorp/aws\"]",
      "instances": [
        {
          "schema_version": 0,
          "attributes": {
            "arn": "arn:aws:autoscaling:us-east-1:514069481888:autoScalingGroup:e4a401ff-7e6d-44e4-9976-a62994a0eb4c:autoScalingGroupName/asg_ws",
            "availability_zones": [
              "us-east-1a",
              "us-east-1c"
            ],
            "capacity_rebalance": false,
            "default_cooldown": 300,
            "desired_capacity": 2,
            "enabled_metrics": null,
            "force_delete": false,
            "force_delete_warm_pool": false,
            "health_check_grace_period": 300,
            "health_check_type": "EC2",
            "id": "asg_ws",
            "initial_lifecycle_hook": [],
            "instance_refresh": [],
            "launch_configuration": "",
            "launch_template": [
              {
                "id": "lt-0d6f45097e20ea94b",
                "name": "lt_app_notify",
                "version": "$Latest"
              }
            ],
            "load_balancers": null,
            "max_instance_lifetime": 0,
            "max_size": 4,
            "metrics_granularity": "1Minute",
            "min_elb_capacity": null,
            "min_size": 1,
            "mixed_instances_policy": [],
            "name": "asg_ws",
            "name_prefix": "",
            "placement_group": "",
            "protect_from_scale_in": false,
            "service_linked_role_arn": "arn:aws:iam::514069481888:role/aws-service-role/autoscaling.amazonaws.com/AWSServiceRoleForAutoScaling",
            "suspended_processes": null,
            "tag": [],
            "tags": null,
            "target_group_arns": [
              "arn:aws:elasticloadbalancing:us-east-1:514069481888:targetgroup/tg-vpc10-ws-nofity/b22b78d9e32ca2e2"
            ],
            "termination_policies": null,
            "timeouts": null,
            "vpc_zone_identifier": [
              "subnet-05079f3faccafd51a",
              "subnet-0c0623ea635167ed5"
            ],
            "wait_for_capacity_timeout": "10m",
            "wait_for_elb_capacity": null,
            "warm_pool": []
          },
          "sensitive_attributes": [],
          "private": "eyJlMmJmYjczMC1lY2FhLTExZTYtOGY4OC0zNDM2M2JjN2M0YzAiOnsiZGVsZXRlIjo2MDAwMDAwMDAwMDB9fQ==",
          "dependencies": [
            "aws_launch_template.lt_app_notify",
            "aws_lb_target_group.tg_vpc10_ws_nofity",
            "aws_security_group.vpc10_Security_Group_pub",
            "aws_subnet.sn_vpc10_pub_1a",
            "aws_subnet.sn_vpc10_pub_1c",
            "aws_vpc.vpc10",
            "data.template_file.user_data"
          ]
        }
      ]
    },
    {
      "mode": "managed",
      "type": "aws_db_instance",
      "name": "rds_db_notifier",
      "provider": "provider[\"registry.terraform.io/hashicorp/aws\"]",
      "instances": [
        {
          "schema_version": 1,
          "attributes": {
            "address": "rds-db-notifier.c98copjo64dl.us-east-1.rds.amazonaws.com",
            "allocated_storage": 20,
            "allow_major_version_upgrade": null,
            "apply_immediately": null,
            "arn": "arn:aws:rds:us-east-1:514069481888:db:rds-db-notifier",
            "auto_minor_version_upgrade": true,
            "availability_zone": "us-east-1a",
            "backup_retention_period": 0,
            "backup_window": "09:06-09:36",
            "ca_cert_identifier": "rds-ca-2019",
            "character_set_name": "",
            "copy_tags_to_snapshot": false,
            "customer_owned_ip_enabled": false,
            "db_subnet_group_name": "rds-vpc10-sn-group",
            "delete_automated_backups": true,
            "deletion_protection": false,
            "domain": "",
            "domain_iam_role_name": "",
            "enabled_cloudwatch_logs_exports": [],
            "endpoint": "rds-db-notifier.c98copjo64dl.us-east-1.rds.amazonaws.com:3306",
            "engine": "mysql",
            "engine_version": "8.0.28",
            "engine_version_actual": "8.0.28",
            "final_snapshot_identifier": null,
            "hosted_zone_id": "Z2R2ITUGPM61AM",
            "iam_database_authentication_enabled": false,
            "id": "rds-db-notifier",
            "identifier": "rds-db-notifier",
            "identifier_prefix": null,
            "instance_class": "db.t3.micro",
            "iops": 0,
            "kms_key_id": "",
            "latest_restorable_time": "0001-01-01T00:00:00Z",
            "license_model": "general-public-license",
            "maintenance_window": "wed:04:28-wed:04:58",
            "max_allocated_storage": 0,
            "monitoring_interval": 0,
            "monitoring_role_arn": "",
            "multi_az": true,
            "name": "notifier",
            "nchar_character_set_name": "",
            "option_group_name": "default:mysql-8-0",
            "parameter_group_name": "rds-vpc10-pg",
            "password": "adminpwd",
            "performance_insights_enabled": false,
            "performance_insights_kms_key_id": "",
            "performance_insights_retention_period": 0,
            "port": 3306,
            "publicly_accessible": false,
            "replica_mode": "",
            "replicas": [],
            "replicate_source_db": "",
            "resource_id": "db-33WJJFJLKLDWQ3U5BFMTC75HNQ",
            "restore_to_point_in_time": [],
            "s3_import": [],
            "security_group_names": [],
            "skip_final_snapshot": true,
            "snapshot_identifier": null,
            "status": "available",
            "storage_encrypted": false,
            "storage_type": "gp2",
            "tags": {
              "Name": "rds-db-notifier"
            },
            "tags_all": {
              "Name": "rds-db-notifier"
            },
            "timeouts": null,
            "timezone": "",
            "username": "admin",
            "vpc_security_group_ids": [
              "sg-0d1346ff39d171660"
            ]
          },
          "sensitive_attributes": [],
          "private": "eyJlMmJmYjczMC1lY2FhLTExZTYtOGY4OC0zNDM2M2JjN2M0YzAiOnsiY3JlYXRlIjoyNDAwMDAwMDAwMDAwLCJkZWxldGUiOjM2MDAwMDAwMDAwMDAsInVwZGF0ZSI6NDgwMDAwMDAwMDAwMH0sInNjaGVtYV92ZXJzaW9uIjoiMSJ9",
          "dependencies": [
            "aws_db_parameter_group.rds_vpc10_pg",
            "aws_db_subnet_group.rds_vpc10_sn_group",
            "aws_security_group.sg_priv",
            "aws_subnet.sn_vpc10_priv_1a",
            "aws_subnet.sn_vpc10_priv_1c",
            "aws_vpc.vpc10"
          ]
        }
      ]
    },
    {
      "mode": "managed",
      "type": "aws_db_parameter_group",
      "name": "rds_vpc10_pg",
      "provider": "provider[\"registry.terraform.io/hashicorp/aws\"]",
      "instances": [
        {
          "schema_version": 0,
          "attributes": {
            "arn": "arn:aws:rds:us-east-1:514069481888:pg:rds-vpc10-pg",
            "description": "Managed by Terraform",
            "family": "mysql8.0",
            "id": "rds-vpc10-pg",
            "name": "rds-vpc10-pg",
            "name_prefix": null,
            "parameter": [
              {
                "apply_method": "immediate",
                "name": "character_set_database",
                "value": "utf8"
              },
              {
                "apply_method": "immediate",
                "name": "character_set_server",
                "value": "utf8"
              }
            ],
            "tags": {},
            "tags_all": {}
          },
          "sensitive_attributes": [],
          "private": "bnVsbA=="
        }
      ]
    },
    {
      "mode": "managed",
      "type": "aws_db_subnet_group",
      "name": "rds_vpc10_sn_group",
      "provider": "provider[\"registry.terraform.io/hashicorp/aws\"]",
      "instances": [
        {
          "schema_version": 0,
          "attributes": {
            "arn": "arn:aws:rds:us-east-1:514069481888:subgrp:rds-vpc10-sn-group",
            "description": "Managed by Terraform",
            "id": "rds-vpc10-sn-group",
            "name": "rds-vpc10-sn-group",
            "name_prefix": null,
            "subnet_ids": [
              "subnet-034513857ecf28c39",
              "subnet-0589c48244d291ae3"
            ],
            "tags": {
              "Name": "rds-vpc10-sn-group"
            },
            "tags_all": {
              "Name": "rds-vpc10-sn-group"
            }
          },
          "sensitive_attributes": [],
          "private": "bnVsbA==",
          "dependencies": [
            "aws_subnet.sn_vpc10_priv_1a",
            "aws_subnet.sn_vpc10_priv_1c",
            "aws_vpc.vpc10"
          ]
        }
      ]
    },
    {
      "mode": "managed",
      "type": "aws_internet_gateway",
      "name": "igw_vpc10",
      "provider": "provider[\"registry.terraform.io/hashicorp/aws\"]",
      "instances": [
        {
          "schema_version": 0,
          "attributes": {
            "arn": "arn:aws:ec2:us-east-1:514069481888:internet-gateway/igw-04b388ed03f425c0a",
            "id": "igw-04b388ed03f425c0a",
            "owner_id": "514069481888",
            "tags": {
              "Name": "igw_vpc10"
            },
            "tags_all": {
              "Name": "igw_vpc10"
            },
            "vpc_id": "vpc-0d5da9212bbaced20"
          },
          "sensitive_attributes": [],
          "private": "bnVsbA==",
          "dependencies": [
            "aws_vpc.vpc10"
          ]
        }
      ]
    },
    {
      "mode": "managed",
      "type": "aws_launch_template",
      "name": "lt_app_notify",
      "provider": "provider[\"registry.terraform.io/hashicorp/aws\"]",
      "instances": [
        {
          "schema_version": 0,
          "attributes": {
            "arn": "arn:aws:ec2:us-east-1:514069481888:launch-template/lt-0d6f45097e20ea94b",
            "block_device_mappings": [],
            "capacity_reservation_specification": [],
            "cpu_options": [],
            "credit_specification": [],
            "default_version": 1,
            "description": "",
            "disable_api_termination": false,
            "ebs_optimized": "",
            "elastic_gpu_specifications": [],
            "elastic_inference_accelerator": [],
            "enclave_options": [],
            "hibernation_options": [],
            "iam_instance_profile": [],
            "id": "lt-0d6f45097e20ea94b",
            "image_id": "ami-02e136e904f3da870",
            "instance_initiated_shutdown_behavior": "",
            "instance_market_options": [],
            "instance_type": "t2.micro",
            "kernel_id": "",
            "key_name": "vockey",
            "latest_version": 1,
            "license_specification": [],
            "metadata_options": [],
            "monitoring": [],
            "name": "lt_app_notify",
            "name_prefix": "",
            "network_interfaces": [],
            "placement": [],
            "ram_disk_id": "",
            "security_group_names": null,
            "tag_specifications": [
              {
                "resource_type": "instance",
                "tags": {
                  "Name": "ws_1"
                }
              }
            ],
            "tags": {
              "Name": "lt_app_notify"
            },
            "tags_all": {
              "Name": "lt_app_notify"
            },
            "update_default_version": null,
            "user_data": "IyEvYmluL2Jhc2gKCiMgVXBkYXRlIHdpdGggbGF0ZXN0IHBhY2thZ2VzCnl1bSB1cGRhdGUgLXkKCiMgSW5zdGFsbCBBcGFjaGUKeXVtIGluc3RhbGwgLXkgaHR0cGQgbXlzcWwgcGhwIHBocC1teXNxbCBwaHAtbXlzcWxuZCBwaHAtcGRvIHRlbG5ldCB0cmVlIGdpdAoKIyBFbmFibGUgQXBhY2hlIHNlcnZpY2UgdG8gc3RhcnQgYWZ0ZXIgcmVib290CnN1ZG8gc3lzdGVtY3RsIGVuYWJsZSBodHRwZAoKIyBDb25maWcgY29ubmVjdCB0byBEQgpjYXQgPDxFT1QgPj4gL3Zhci93d3cvY29uZmlnLnBocAo8P3BocApkZWZpbmUoJ0RCX1NFUlZFUicsICdyZHMtZGItbm90aWZpZXIuYzk4Y29wam82NGRsLnVzLWVhc3QtMS5yZHMuYW1hem9uYXdzLmNvbScpOwpkZWZpbmUoJ0RCX1VTRVJOQU1FJywgJ2FkbWluJyk7CmRlZmluZSgnREJfUEFTU1dPUkQnLCAnYWRtaW5wd2QnKTsKZGVmaW5lKCdEQl9EQVRBQkFTRScsICdub3RpZmllcicpOwo/PgpFT1QKCiMgSW5zdGFsbCBhcHBsaWNhdGlvbgpjZCAvdG1wCmdpdCBjbG9uZSBodHRwczovL2dpdGh1Yi5jb20va2xlZHNvbmh1Z28vbm90aWZpZXIKY3AgL3RtcC9ub3RpZmllci9wdWJsaWMvaW5kZXgucGhwIC92YXIvd3d3L2h0bWwvCgojIFN0YXJ0IEFwYWNoZSBzZXJ2aWNlCnNlcnZpY2UgaHR0cGQgcmVzdGFydAoK",
            "vpc_security_group_ids": [
              "sg-087d73e86f993c5d5"
            ]
          },
          "sensitive_attributes": [],
          "private": "bnVsbA==",
          "dependencies": [
            "aws_security_group.vpc10_Security_Group_pub",
            "data.template_file.user_data"
          ]
        }
      ]
    },
    {
      "mode": "managed",
      "type": "aws_lb",
      "name": "elb_ws",
      "provider": "provider[\"registry.terraform.io/hashicorp/aws\"]",
      "instances": [
        {
          "schema_version": 0,
          "attributes": {
            "access_logs": [
              {
                "bucket": "",
                "enabled": false,
                "prefix": ""
              }
            ],
            "arn": "arn:aws:elasticloadbalancing:us-east-1:514069481888:loadbalancer/app/elb-ws/aef40fd6b290a3c1",
            "arn_suffix": "app/elb-ws/aef40fd6b290a3c1",
            "customer_owned_ipv4_pool": "",
            "desync_mitigation_mode": "defensive",
            "dns_name": "elb-ws-2064445133.us-east-1.elb.amazonaws.com",
            "drop_invalid_header_fields": false,
            "enable_cross_zone_load_balancing": null,
            "enable_deletion_protection": false,
            "enable_http2": true,
            "enable_waf_fail_open": false,
            "id": "arn:aws:elasticloadbalancing:us-east-1:514069481888:loadbalancer/app/elb-ws/aef40fd6b290a3c1",
            "idle_timeout": 60,
            "internal": false,
            "ip_address_type": "ipv4",
            "load_balancer_type": "application",
            "name": "elb-ws",
            "name_prefix": null,
            "security_groups": [
              "sg-087d73e86f993c5d5"
            ],
            "subnet_mapping": [
              {
                "allocation_id": "",
                "ipv6_address": "",
                "outpost_id": "",
                "private_ipv4_address": "",
                "subnet_id": "subnet-05079f3faccafd51a"
              },
              {
                "allocation_id": "",
                "ipv6_address": "",
                "outpost_id": "",
                "private_ipv4_address": "",
                "subnet_id": "subnet-0c0623ea635167ed5"
              }
            ],
            "subnets": [
              "subnet-05079f3faccafd51a",
              "subnet-0c0623ea635167ed5"
            ],
            "tags": {
              "Name": "elb_ws"
            },
            "tags_all": {
              "Name": "elb_ws"
            },
            "timeouts": null,
            "vpc_id": "vpc-0d5da9212bbaced20",
            "zone_id": "Z35SXDOTRQ7X7K"
          },
          "sensitive_attributes": [],
          "private": "eyJlMmJmYjczMC1lY2FhLTExZTYtOGY4OC0zNDM2M2JjN2M0YzAiOnsiY3JlYXRlIjo2MDAwMDAwMDAwMDAsImRlbGV0ZSI6NjAwMDAwMDAwMDAwLCJ1cGRhdGUiOjYwMDAwMDAwMDAwMH19",
          "dependencies": [
            "aws_security_group.vpc10_Security_Group_pub",
            "aws_subnet.sn_vpc10_pub_1a",
            "aws_subnet.sn_vpc10_pub_1c"
          ]
        }
      ]
    },
    {
      "mode": "managed",
      "type": "aws_lb_listener",
      "name": "elb_vpc10_listener",
      "provider": "provider[\"registry.terraform.io/hashicorp/aws\"]",
      "instances": [
        {
          "schema_version": 0,
          "attributes": {
            "alpn_policy": null,
            "arn": "arn:aws:elasticloadbalancing:us-east-1:514069481888:listener/app/elb-ws/aef40fd6b290a3c1/a3d22d0dc63a5ff5",
            "certificate_arn": null,
            "default_action": [
              {
                "authenticate_cognito": [],
                "authenticate_oidc": [],
                "fixed_response": [],
                "forward": [],
                "order": 1,
                "redirect": [],
                "target_group_arn": "arn:aws:elasticloadbalancing:us-east-1:514069481888:targetgroup/tg-vpc10-ws-nofity/b22b78d9e32ca2e2",
                "type": "forward"
              }
            ],
            "id": "arn:aws:elasticloadbalancing:us-east-1:514069481888:listener/app/elb-ws/aef40fd6b290a3c1/a3d22d0dc63a5ff5",
            "load_balancer_arn": "arn:aws:elasticloadbalancing:us-east-1:514069481888:loadbalancer/app/elb-ws/aef40fd6b290a3c1",
            "port": 80,
            "protocol": "HTTP",
            "ssl_policy": "",
            "tags": null,
            "tags_all": {},
            "timeouts": null
          },
          "sensitive_attributes": [],
          "private": "eyJlMmJmYjczMC1lY2FhLTExZTYtOGY4OC0zNDM2M2JjN2M0YzAiOnsicmVhZCI6NjAwMDAwMDAwMDAwfX0=",
          "dependencies": [
            "aws_lb.elb_ws",
            "aws_lb_target_group.tg_vpc10_ws_nofity",
            "aws_security_group.vpc10_Security_Group_pub",
            "aws_subnet.sn_vpc10_pub_1a",
            "aws_subnet.sn_vpc10_pub_1c",
            "aws_vpc.vpc10"
          ]
        }
      ]
    },
    {
      "mode": "managed",
      "type": "aws_lb_target_group",
      "name": "tg_vpc10_ws_nofity",
      "provider": "provider[\"registry.terraform.io/hashicorp/aws\"]",
      "instances": [
        {
          "schema_version": 0,
          "attributes": {
            "arn": "arn:aws:elasticloadbalancing:us-east-1:514069481888:targetgroup/tg-vpc10-ws-nofity/b22b78d9e32ca2e2",
            "arn_suffix": "targetgroup/tg-vpc10-ws-nofity/b22b78d9e32ca2e2",
            "connection_termination": false,
            "deregistration_delay": "300",
            "health_check": [
              {
                "enabled": true,
                "healthy_threshold": 5,
                "interval": 30,
                "matcher": "200",
                "path": "/",
                "port": "traffic-port",
                "protocol": "HTTP",
                "timeout": 5,
                "unhealthy_threshold": 2
              }
            ],
            "id": "arn:aws:elasticloadbalancing:us-east-1:514069481888:targetgroup/tg-vpc10-ws-nofity/b22b78d9e32ca2e2",
            "lambda_multi_value_headers_enabled": false,
            "load_balancing_algorithm_type": "round_robin",
            "name": "tg-vpc10-ws-nofity",
            "name_prefix": null,
            "port": 80,
            "preserve_client_ip": null,
            "protocol": "HTTP",
            "protocol_version": "HTTP1",
            "proxy_protocol_v2": false,
            "slow_start": 0,
            "stickiness": [
              {
                "cookie_duration": 86400,
                "cookie_name": "",
                "enabled": false,
                "type": "lb_cookie"
              }
            ],
            "tags": {
              "Name": "tg_vpc10_ws_nofity"
            },
            "tags_all": {
              "Name": "tg_vpc10_ws_nofity"
            },
            "target_type": "instance",
            "vpc_id": "vpc-0d5da9212bbaced20"
          },
          "sensitive_attributes": [],
          "private": "bnVsbA==",
          "dependencies": [
            "aws_vpc.vpc10"
          ]
        }
      ]
    },
    {
      "mode": "managed",
      "type": "aws_route_table",
      "name": "vpc10_route_table_priv",
      "provider": "provider[\"registry.terraform.io/hashicorp/aws\"]",
      "instances": [
        {
          "schema_version": 0,
          "attributes": {
            "arn": "arn:aws:ec2:us-east-1:514069481888:route-table/rtb-02836d6cb90d2f3a5",
            "id": "rtb-02836d6cb90d2f3a5",
            "owner_id": "514069481888",
            "propagating_vgws": [],
            "route": [],
            "tags": {
              "Name": "vpc10 Route Table Public"
            },
            "tags_all": {
              "Name": "vpc10 Route Table Public"
            },
            "timeouts": null,
            "vpc_id": "vpc-0d5da9212bbaced20"
          },
          "sensitive_attributes": [],
          "private": "eyJlMmJmYjczMC1lY2FhLTExZTYtOGY4OC0zNDM2M2JjN2M0YzAiOnsiY3JlYXRlIjozMDAwMDAwMDAwMDAsImRlbGV0ZSI6MzAwMDAwMDAwMDAwLCJ1cGRhdGUiOjEyMDAwMDAwMDAwMH19",
          "dependencies": [
            "aws_vpc.vpc10"
          ]
        }
      ]
    },
    {
      "mode": "managed",
      "type": "aws_route_table",
      "name": "vpc10_route_table_pub",
      "provider": "provider[\"registry.terraform.io/hashicorp/aws\"]",
      "instances": [
        {
          "schema_version": 0,
          "attributes": {
            "arn": "arn:aws:ec2:us-east-1:514069481888:route-table/rtb-044890d49d3a8dbf2",
            "id": "rtb-044890d49d3a8dbf2",
            "owner_id": "514069481888",
            "propagating_vgws": [],
            "route": [
              {
                "carrier_gateway_id": "",
                "cidr_block": "0.0.0.0/0",
                "destination_prefix_list_id": "",
                "egress_only_gateway_id": "",
                "gateway_id": "igw-04b388ed03f425c0a",
                "instance_id": "",
                "ipv6_cidr_block": "",
                "local_gateway_id": "",
                "nat_gateway_id": "",
                "network_interface_id": "",
                "transit_gateway_id": "",
                "vpc_endpoint_id": "",
                "vpc_peering_connection_id": ""
              }
            ],
            "tags": {
              "Name": "vpc10 Route Table Public"
            },
            "tags_all": {
              "Name": "vpc10 Route Table Public"
            },
            "timeouts": null,
            "vpc_id": "vpc-0d5da9212bbaced20"
          },
          "sensitive_attributes": [],
          "private": "eyJlMmJmYjczMC1lY2FhLTExZTYtOGY4OC0zNDM2M2JjN2M0YzAiOnsiY3JlYXRlIjozMDAwMDAwMDAwMDAsImRlbGV0ZSI6MzAwMDAwMDAwMDAwLCJ1cGRhdGUiOjEyMDAwMDAwMDAwMH19",
          "dependencies": [
            "aws_internet_gateway.igw_vpc10",
            "aws_vpc.vpc10"
          ]
        }
      ]
    },
    {
      "mode": "managed",
      "type": "aws_route_table_association",
      "name": "sn_association_1a_pub",
      "provider": "provider[\"registry.terraform.io/hashicorp/aws\"]",
      "instances": [
        {
          "schema_version": 0,
          "attributes": {
            "gateway_id": "",
            "id": "rtbassoc-049b87b7373338eb3",
            "route_table_id": "rtb-044890d49d3a8dbf2",
            "subnet_id": "subnet-05079f3faccafd51a"
          },
          "sensitive_attributes": [],
          "private": "bnVsbA==",
          "dependencies": [
            "aws_internet_gateway.igw_vpc10",
            "aws_route_table.vpc10_route_table_pub",
            "aws_subnet.sn_vpc10_pub_1a",
            "aws_vpc.vpc10"
          ]
        }
      ]
    },
    {
      "mode": "managed",
      "type": "aws_route_table_association",
      "name": "sn_association_1b_priv",
      "provider": "provider[\"registry.terraform.io/hashicorp/aws\"]",
      "instances": [
        {
          "schema_version": 0,
          "attributes": {
            "gateway_id": "",
            "id": "rtbassoc-0bd3f3d59dfcec620",
            "route_table_id": "rtb-02836d6cb90d2f3a5",
            "subnet_id": "subnet-034513857ecf28c39"
          },
          "sensitive_attributes": [],
          "private": "bnVsbA==",
          "dependencies": [
            "aws_route_table.vpc10_route_table_priv",
            "aws_subnet.sn_vpc10_priv_1a",
            "aws_vpc.vpc10"
          ]
        }
      ]
    },
    {
      "mode": "managed",
      "type": "aws_route_table_association",
      "name": "sn_association_1c_pub",
      "provider": "provider[\"registry.terraform.io/hashicorp/aws\"]",
      "instances": [
        {
          "schema_version": 0,
          "attributes": {
            "gateway_id": "",
            "id": "rtbassoc-0a3a875b0923a5169",
            "route_table_id": "rtb-044890d49d3a8dbf2",
            "subnet_id": "subnet-0c0623ea635167ed5"
          },
          "sensitive_attributes": [],
          "private": "bnVsbA==",
          "dependencies": [
            "aws_internet_gateway.igw_vpc10",
            "aws_route_table.vpc10_route_table_pub",
            "aws_subnet.sn_vpc10_pub_1c",
            "aws_vpc.vpc10"
          ]
        }
      ]
    },
    {
      "mode": "managed",
      "type": "aws_route_table_association",
      "name": "sn_association_1d_priv",
      "provider": "provider[\"registry.terraform.io/hashicorp/aws\"]",
      "instances": [
        {
          "schema_version": 0,
          "attributes": {
            "gateway_id": "",
            "id": "rtbassoc-0e01809fc24e0bf6a",
            "route_table_id": "rtb-02836d6cb90d2f3a5",
            "subnet_id": "subnet-0589c48244d291ae3"
          },
          "sensitive_attributes": [],
          "private": "bnVsbA==",
          "dependencies": [
            "aws_route_table.vpc10_route_table_priv",
            "aws_subnet.sn_vpc10_priv_1c",
            "aws_vpc.vpc10"
          ]
        }
      ]
    },
    {
      "mode": "managed",
      "type": "aws_security_group",
      "name": "sg_priv",
      "provider": "provider[\"registry.terraform.io/hashicorp/aws\"]",
      "instances": [
        {
          "schema_version": 1,
          "attributes": {
            "arn": "arn:aws:ec2:us-east-1:514069481888:security-group/sg-0d1346ff39d171660",
            "description": "Security Group private",
            "egress": [
              {
                "cidr_blocks": [
                  "0.0.0.0/0"
                ],
                "description": "All to All",
                "from_port": 0,
                "ipv6_cidr_blocks": [],
                "prefix_list_ids": [],
                "protocol": "-1",
                "security_groups": [],
                "self": false,
                "to_port": 0
              }
            ],
            "id": "sg-0d1346ff39d171660",
            "ingress": [
              {
                "cidr_blocks": [
                  "10.0.0.0/16"
                ],
                "description": "All from 10.0.0.0/16",
                "from_port": 3306,
                "ipv6_cidr_blocks": [],
                "prefix_list_ids": [],
                "protocol": "tcp",
                "security_groups": [],
                "self": false,
                "to_port": 3306
              }
            ],
            "name": "sg_priv",
            "name_prefix": "",
            "owner_id": "514069481888",
            "revoke_rules_on_delete": false,
            "tags": {
              "Name": "sg_priv"
            },
            "tags_all": {
              "Name": "sg_priv"
            },
            "timeouts": null,
            "vpc_id": "vpc-0d5da9212bbaced20"
          },
          "sensitive_attributes": [],
          "private": "eyJlMmJmYjczMC1lY2FhLTExZTYtOGY4OC0zNDM2M2JjN2M0YzAiOnsiY3JlYXRlIjo2MDAwMDAwMDAwMDAsImRlbGV0ZSI6OTAwMDAwMDAwMDAwfSwic2NoZW1hX3ZlcnNpb24iOiIxIn0=",
          "dependencies": [
            "aws_vpc.vpc10"
          ]
        }
      ]
    },
    {
      "mode": "managed",
      "type": "aws_security_group",
      "name": "vpc10_Security_Group_pub",
      "provider": "provider[\"registry.terraform.io/hashicorp/aws\"]",
      "instances": [
        {
          "schema_version": 1,
          "attributes": {
            "arn": "arn:aws:ec2:us-east-1:514069481888:security-group/sg-087d73e86f993c5d5",
            "description": "vpc10 Security Group_pub",
            "egress": [
              {
                "cidr_blocks": [
                  "0.0.0.0/0"
                ],
                "description": "All to All",
                "from_port": 0,
                "ipv6_cidr_blocks": [],
                "prefix_list_ids": [],
                "protocol": "-1",
                "security_groups": [],
                "self": false,
                "to_port": 0
              }
            ],
            "id": "sg-087d73e86f993c5d5",
            "ingress": [
              {
                "cidr_blocks": [
                  "0.0.0.0/0"
                ],
                "description": " Acesso HTTP",
                "from_port": 80,
                "ipv6_cidr_blocks": [],
                "prefix_list_ids": [],
                "protocol": "tcp",
                "security_groups": [],
                "self": false,
                "to_port": 80
              },
              {
                "cidr_blocks": [
                  "0.0.0.0/0"
                ],
                "description": " Acesso SSH ",
                "from_port": 22,
                "ipv6_cidr_blocks": [],
                "prefix_list_ids": [],
                "protocol": "tcp",
                "security_groups": [],
                "self": false,
                "to_port": 22
              },
              {
                "cidr_blocks": [
                  "10.0.0.0/16"
                ],
                "description": "all traffic from 10.0.0.0/16",
                "from_port": 0,
                "ipv6_cidr_blocks": [],
                "prefix_list_ids": [],
                "protocol": "-1",
                "security_groups": [],
                "self": false,
                "to_port": 0
              }
            ],
            "name": "vpc10_Security_Group_pub",
            "name_prefix": "",
            "owner_id": "514069481888",
            "revoke_rules_on_delete": false,
            "tags": {
              "Name": "vpc10 Security Group Pub"
            },
            "tags_all": {
              "Name": "vpc10 Security Group Pub"
            },
            "timeouts": null,
            "vpc_id": "vpc-0d5da9212bbaced20"
          },
          "sensitive_attributes": [],
          "private": "eyJlMmJmYjczMC1lY2FhLTExZTYtOGY4OC0zNDM2M2JjN2M0YzAiOnsiY3JlYXRlIjo2MDAwMDAwMDAwMDAsImRlbGV0ZSI6OTAwMDAwMDAwMDAwfSwic2NoZW1hX3ZlcnNpb24iOiIxIn0=",
          "dependencies": [
            "aws_vpc.vpc10"
          ]
        }
      ]
    },
    {
      "mode": "managed",
      "type": "aws_subnet",
      "name": "sn_vpc10_priv_1a",
      "provider": "provider[\"registry.terraform.io/hashicorp/aws\"]",
      "instances": [
        {
          "schema_version": 1,
          "attributes": {
            "arn": "arn:aws:ec2:us-east-1:514069481888:subnet/subnet-034513857ecf28c39",
            "assign_ipv6_address_on_creation": false,
            "availability_zone": "us-east-1a",
            "availability_zone_id": "use1-az4",
            "cidr_block": "10.0.3.0/24",
            "customer_owned_ipv4_pool": "",
            "enable_dns64": false,
            "enable_resource_name_dns_a_record_on_launch": false,
            "enable_resource_name_dns_aaaa_record_on_launch": false,
            "id": "subnet-034513857ecf28c39",
            "ipv6_cidr_block": "",
            "ipv6_cidr_block_association_id": "",
            "ipv6_native": false,
            "map_customer_owned_ip_on_launch": false,
            "map_public_ip_on_launch": false,
            "outpost_arn": "",
            "owner_id": "514069481888",
            "private_dns_hostname_type_on_launch": "ip-name",
            "tags": {
              "Name": "sn_vpc10_priv_1a"
            },
            "tags_all": {
              "Name": "sn_vpc10_priv_1a"
            },
            "timeouts": null,
            "vpc_id": "vpc-0d5da9212bbaced20"
          },
          "sensitive_attributes": [],
          "private": "eyJlMmJmYjczMC1lY2FhLTExZTYtOGY4OC0zNDM2M2JjN2M0YzAiOnsiY3JlYXRlIjo2MDAwMDAwMDAwMDAsImRlbGV0ZSI6MTIwMDAwMDAwMDAwMH0sInNjaGVtYV92ZXJzaW9uIjoiMSJ9",
          "dependencies": [
            "aws_vpc.vpc10"
          ]
        }
      ]
    },
    {
      "mode": "managed",
      "type": "aws_subnet",
      "name": "sn_vpc10_priv_1c",
      "provider": "provider[\"registry.terraform.io/hashicorp/aws\"]",
      "instances": [
        {
          "schema_version": 1,
          "attributes": {
            "arn": "arn:aws:ec2:us-east-1:514069481888:subnet/subnet-0589c48244d291ae3",
            "assign_ipv6_address_on_creation": false,
            "availability_zone": "us-east-1c",
            "availability_zone_id": "use1-az1",
            "cidr_block": "10.0.4.0/24",
            "customer_owned_ipv4_pool": "",
            "enable_dns64": false,
            "enable_resource_name_dns_a_record_on_launch": false,
            "enable_resource_name_dns_aaaa_record_on_launch": false,
            "id": "subnet-0589c48244d291ae3",
            "ipv6_cidr_block": "",
            "ipv6_cidr_block_association_id": "",
            "ipv6_native": false,
            "map_customer_owned_ip_on_launch": false,
            "map_public_ip_on_launch": false,
            "outpost_arn": "",
            "owner_id": "514069481888",
            "private_dns_hostname_type_on_launch": "ip-name",
            "tags": {
              "Name": "sn_vpc10_priv_1c"
            },
            "tags_all": {
              "Name": "sn_vpc10_priv_1c"
            },
            "timeouts": null,
            "vpc_id": "vpc-0d5da9212bbaced20"
          },
          "sensitive_attributes": [],
          "private": "eyJlMmJmYjczMC1lY2FhLTExZTYtOGY4OC0zNDM2M2JjN2M0YzAiOnsiY3JlYXRlIjo2MDAwMDAwMDAwMDAsImRlbGV0ZSI6MTIwMDAwMDAwMDAwMH0sInNjaGVtYV92ZXJzaW9uIjoiMSJ9",
          "dependencies": [
            "aws_vpc.vpc10"
          ]
        }
      ]
    },
    {
      "mode": "managed",
      "type": "aws_subnet",
      "name": "sn_vpc10_pub_1a",
      "provider": "provider[\"registry.terraform.io/hashicorp/aws\"]",
      "instances": [
        {
          "schema_version": 1,
          "attributes": {
            "arn": "arn:aws:ec2:us-east-1:514069481888:subnet/subnet-05079f3faccafd51a",
            "assign_ipv6_address_on_creation": false,
            "availability_zone": "us-east-1a",
            "availability_zone_id": "use1-az4",
            "cidr_block": "10.0.1.0/24",
            "customer_owned_ipv4_pool": "",
            "enable_dns64": false,
            "enable_resource_name_dns_a_record_on_launch": false,
            "enable_resource_name_dns_aaaa_record_on_launch": false,
            "id": "subnet-05079f3faccafd51a",
            "ipv6_cidr_block": "",
            "ipv6_cidr_block_association_id": "",
            "ipv6_native": false,
            "map_customer_owned_ip_on_launch": false,
            "map_public_ip_on_launch": true,
            "outpost_arn": "",
            "owner_id": "514069481888",
            "private_dns_hostname_type_on_launch": "ip-name",
            "tags": {
              "Name": "sn_vpc10_pub_1a"
            },
            "tags_all": {
              "Name": "sn_vpc10_pub_1a"
            },
            "timeouts": null,
            "vpc_id": "vpc-0d5da9212bbaced20"
          },
          "sensitive_attributes": [],
          "private": "eyJlMmJmYjczMC1lY2FhLTExZTYtOGY4OC0zNDM2M2JjN2M0YzAiOnsiY3JlYXRlIjo2MDAwMDAwMDAwMDAsImRlbGV0ZSI6MTIwMDAwMDAwMDAwMH0sInNjaGVtYV92ZXJzaW9uIjoiMSJ9",
          "dependencies": [
            "aws_vpc.vpc10"
          ]
        }
      ]
    },
    {
      "mode": "managed",
      "type": "aws_subnet",
      "name": "sn_vpc10_pub_1c",
      "provider": "provider[\"registry.terraform.io/hashicorp/aws\"]",
      "instances": [
        {
          "schema_version": 1,
          "attributes": {
            "arn": "arn:aws:ec2:us-east-1:514069481888:subnet/subnet-0c0623ea635167ed5",
            "assign_ipv6_address_on_creation": false,
            "availability_zone": "us-east-1c",
            "availability_zone_id": "use1-az1",
            "cidr_block": "10.0.2.0/24",
            "customer_owned_ipv4_pool": "",
            "enable_dns64": false,
            "enable_resource_name_dns_a_record_on_launch": false,
            "enable_resource_name_dns_aaaa_record_on_launch": false,
            "id": "subnet-0c0623ea635167ed5",
            "ipv6_cidr_block": "",
            "ipv6_cidr_block_association_id": "",
            "ipv6_native": false,
            "map_customer_owned_ip_on_launch": false,
            "map_public_ip_on_launch": true,
            "outpost_arn": "",
            "owner_id": "514069481888",
            "private_dns_hostname_type_on_launch": "ip-name",
            "tags": {
              "Name": "sn_vpc10_pub_1c"
            },
            "tags_all": {
              "Name": "sn_vpc10_pub_1c"
            },
            "timeouts": null,
            "vpc_id": "vpc-0d5da9212bbaced20"
          },
          "sensitive_attributes": [],
          "private": "eyJlMmJmYjczMC1lY2FhLTExZTYtOGY4OC0zNDM2M2JjN2M0YzAiOnsiY3JlYXRlIjo2MDAwMDAwMDAwMDAsImRlbGV0ZSI6MTIwMDAwMDAwMDAwMH0sInNjaGVtYV92ZXJzaW9uIjoiMSJ9",
          "dependencies": [
            "aws_vpc.vpc10"
          ]
        }
      ]
    },
    {
      "mode": "managed",
      "type": "aws_vpc",
      "name": "vpc10",
      "provider": "provider[\"registry.terraform.io/hashicorp/aws\"]",
      "instances": [
        {
          "schema_version": 1,
          "attributes": {
            "arn": "arn:aws:ec2:us-east-1:514069481888:vpc/vpc-0d5da9212bbaced20",
            "assign_generated_ipv6_cidr_block": false,
            "cidr_block": "10.0.0.0/16",
            "default_network_acl_id": "acl-0fc87ef9683991d5e",
            "default_route_table_id": "rtb-0f984575a84ee28fe",
            "default_security_group_id": "sg-09308a639437bb024",
            "dhcp_options_id": "dopt-0ebedc977f072c89d",
            "enable_classiclink": false,
            "enable_classiclink_dns_support": false,
            "enable_dns_hostnames": true,
            "enable_dns_support": true,
            "id": "vpc-0d5da9212bbaced20",
            "instance_tenancy": "default",
            "ipv4_ipam_pool_id": null,
            "ipv4_netmask_length": null,
            "ipv6_association_id": "",
            "ipv6_cidr_block": "",
            "ipv6_cidr_block_network_border_group": "",
            "ipv6_ipam_pool_id": "",
            "ipv6_netmask_length": 0,
            "main_route_table_id": "rtb-0f984575a84ee28fe",
            "owner_id": "514069481888",
            "tags": {
              "Name": "vpc10"
            },
            "tags_all": {
              "Name": "vpc10"
            }
          },
          "sensitive_attributes": [],
          "private": "eyJzY2hlbWFfdmVyc2lvbiI6IjEifQ=="
        }
      ]
    }
  ]
}
